
Microsoft Visual Studio Solution File, Format Version 12.00
# Visual Studio 15
VisualStudioVersion = 15.0.28307.106
MinimumVisualStudioVersion = 10.0.40219.1
Project("{8BC9CEB8-8B4A-11D0-8D11-00A0C91BC942}") = "TestProject", "TestProject\TestProject.vcxproj", "{6BDC8236-1FD7-4F2E-A5DC-25A3A7DF52FA}"
EndProject
Project("{8BC9CEB8-8B4A-11D0-8D11-00A0C91BC942}") = "CircularQueue", "CircularQueue\CircularQueue.vcxproj", "{7490F5C3-EFE3-4E31-80AF-79891E272914}"
EndProject
Global
	GlobalSection(SolutionConfigurationPlatforms) = preSolution
		Debug|x64 = Debug|x64
		Debug|x86 = Debug|x86
		Release|x64 = Release|x64
		Release|x86 = Release|x86
	EndGlobalSection
	GlobalSection(ProjectConfigurationPlatforms) = postSolution
		{6BDC8236-1FD7-4F2E-A5DC-25A3A7DF52FA}.Debug|x64.ActiveCfg = Debug|x64
		{6BDC8236-1FD7-4F2E-A5DC-25A3A7DF52FA}.Debug|x64.Build.0 = Debug|x64
		{6BDC8236-1FD7-4F2E-A5DC-25A3A7DF52FA}.Debug|x86.ActiveCfg = Debug|Win32
		{6BDC8236-1FD7-4F2E-A5DC-25A3A7DF52FA}.Debug|x86.Build.0 = Debug|Win32
		{6BDC8236-1FD7-4F2E-A5DC-25A3A7DF52FA}.Release|x64.ActiveCfg = Release|x64
		{6BDC8236-1FD7-4F2E-A5DC-25A3A7DF52FA}.Release|x64.Build.0 = Release|x64
		{6BDC8236-1FD7-4F2E-A5DC-25A3A7DF52FA}.Release|x86.ActiveCfg = Release|Win32
		{6BDC8236-1FD7-4F2E-A5DC-25A3A7DF52FA}.Release|x86.Build.0 = Release|Win32
		{7490F5C3-EFE3-4E31-80AF-79891E272914}.Debug|x64.ActiveCfg = Debug|x64
		{7490F5C3-EFE3-4E31-80AF-79891E272914}.Debug|x64.Build.0 = Debug|x64
		{7490F5C3-EFE3-4E31-80AF-79891E272914}.Debug|x86.ActiveCfg = Debug|Win32
		{7490F5C3-EFE3-4E31-80AF-79891E272914}.Debug|x86.Build.0 = Debug|Win32
		{7490F5C3-EFE3-4E31-80AF-79891E272914}.Release|x64.ActiveCfg = Release|x64
		{7490F5C3-EFE3-4E31-80AF-79891E272914}.Release|x64.Build.0 = Release|x64
		{7490F5C3-EFE3-4E31-80AF-79891E272914}.Release|x86.ActiveCfg = Release|Win32
		{7490F5C3-EFE3-4E31-80AF-79891E272914}.Release|x86.Build.0 = Release|Win32
	EndGlobalSection
	GlobalSection(SolutionProperties) = preSolution
		HideSolutionNode = FALSE
	EndGlobalSection
	GlobalSection(ExtensibilityGlobals) = postSolution
		SolutionGuid = {4EEB4D16-219B-40F6-BDFF-D4823CCBFEF4}
	EndGlobalSection
EndGlobal
